
Microsoft Visual Studio Solution File, Format Version 12.00
# Visual Studio Version 17
VisualStudioVersion = 17.0.31903.59
MinimumVisualStudioVersion = 10.0.40219.1
Project("{FAE04EC0-301F-11D3-BF4B-00C04F79EFBC}") = "MaktabTeamWork2", "MaktabTeamWork2\MaktabTeamWork2.csproj", "{FE2DCFA7-A848-414B-8713-861C04C105F0}"
EndProject
Global
	GlobalSection(SolutionConfigurationPlatforms) = preSolution
		Debug|Any CPU = Debug|Any CPU
		Release|Any CPU = Release|Any CPU
	EndGlobalSection
	GlobalSection(ProjectConfigurationPlatforms) = postSolution
		{FE2DCFA7-A848-414B-8713-861C04C105F0}.Debug|Any CPU.ActiveCfg = Debug|Any CPU
		{FE2DCFA7-A848-414B-8713-861C04C105F0}.Debug|Any CPU.Build.0 = Debug|Any CPU
		{FE2DCFA7-A848-414B-8713-861C04C105F0}.Release|Any CPU.ActiveCfg = Release|Any CPU
		{FE2DCFA7-A848-414B-8713-861C04C105F0}.Release|Any CPU.Build.0 = Release|Any CPU
	EndGlobalSection
	GlobalSection(SolutionProperties) = preSolution
		HideSolutionNode = FALSE
	EndGlobalSection
	GlobalSection(ExtensibilityGlobals) = postSolution
		SolutionGuid = {9AD3A42E-766A-4F26-8235-A3D46CAA97D2}
	EndGlobalSection
EndGlobal
